<Solution>
  <Project Path="GymTracker.Common\GymTracker.Common.csproj" />
  <Project Path="GymTracker.Domain\GymTracker.Domain.csproj" />
  <Project Path="GymTracker.Application\GymTracker.Application.csproj" />
  <Project Path="GymTracker.Identity\GymTracker.Identity.csproj" />
  <Project Path="GymTracker.Infrastructure\GymTracker.Infrastructure.csproj" />
  <Project Path="GymTracker.Api\GymTracker.Api.csproj" />
  <Project Path="GymTracker.Shared.Contracts\GymTracker.Shared.Contracts.csproj" />
  <Project Path="GymTracker.Shared.HttpClient\GymTracker.Shared.HttpClient.csproj" />
  <Project Path="tests\GymTracker.Application.Tests\GymTracker.Application.Tests.csproj" />
  <Project Path="tests\GymTracker.Identity.Tests\GymTracker.Identity.Tests.csproj" />
  <Project Path="tests\GymTracker.Api.Integration.Tests\GymTracker.Api.Integration.Tests.csproj" />
</Solution>
